
Microsoft Visual Studio Solution File, Format Version 12.00
# Visual Studio 2013
VisualStudioVersion = 12.0.21005.1
MinimumVisualStudioVersion = 10.0.40219.1
Project("{F2A71F9B-5D33-465A-A702-920D77279786}") = "code", "code.fsproj", "{CE3A697D-124D-491A-8A25-550B0261E55C}"
EndProject
Global
	GlobalSection(SolutionConfigurationPlatforms) = preSolution
		Debug|Any CPU = Debug|Any CPU
		Release|Any CPU = Release|Any CPU
	EndGlobalSection
	GlobalSection(ProjectConfigurationPlatforms) = postSolution
		{CE3A697D-124D-491A-8A25-550B0261E55C}.Debug|Any CPU.ActiveCfg = Debug|Any CPU
		{CE3A697D-124D-491A-8A25-550B0261E55C}.Debug|Any CPU.Build.0 = Debug|Any CPU
		{CE3A697D-124D-491A-8A25-550B0261E55C}.Release|Any CPU.ActiveCfg = Release|Any CPU
		{CE3A697D-124D-491A-8A25-550B0261E55C}.Release|Any CPU.Build.0 = Release|Any CPU
	EndGlobalSection
	GlobalSection(SolutionProperties) = preSolution
		HideSolutionNode = FALSE
	EndGlobalSection
EndGlobal
