
Microsoft Visual Studio Solution File, Format Version 12.00
# Visual Studio 2013
VisualStudioVersion = 12.0.21005.1
MinimumVisualStudioVersion = 10.0.40219.1
Project("{F2A71F9B-5D33-465A-A702-920D77279786}") = "code", "chapter05.code\code.fsproj", "{E1526387-D870-4558-AA32-3AE7637315A9}"
EndProject
Project("{F2A71F9B-5D33-465A-A702-920D77279786}") = "chapter05.code.parallel", "chapter05.code.parallel\chapter05.code.parallel.fsproj", "{E97D6342-1C7F-43EB-B96A-BD9531122F2C}"
EndProject
Project("{2150E333-8FDC-42A3-9474-1A3956D46DE8}") = ".nuget", ".nuget", "{26120C28-D70A-4A39-B0D9-0EB275B81365}"
	ProjectSection(SolutionItems) = preProject
		.nuget\NuGet.Config = .nuget\NuGet.Config
		.nuget\NuGet.exe = .nuget\NuGet.exe
		.nuget\NuGet.targets = .nuget\NuGet.targets
		.nuget\packages.config = .nuget\packages.config
	EndProjectSection
EndProject
Project("{FAE04EC0-301F-11D3-BF4B-00C04F79EFBC}") = "chapter05.code.service", "chapter05.code.service\chapter05.code.service.csproj", "{F08CF3BD-3CB0-4D40-820D-AB9F430005BB}"
EndProject
Global
	GlobalSection(SolutionConfigurationPlatforms) = preSolution
		Debug|Any CPU = Debug|Any CPU
		Release|Any CPU = Release|Any CPU
	EndGlobalSection
	GlobalSection(ProjectConfigurationPlatforms) = postSolution
		{E1526387-D870-4558-AA32-3AE7637315A9}.Debug|Any CPU.ActiveCfg = Debug|Any CPU
		{E1526387-D870-4558-AA32-3AE7637315A9}.Debug|Any CPU.Build.0 = Debug|Any CPU
		{E1526387-D870-4558-AA32-3AE7637315A9}.Release|Any CPU.ActiveCfg = Release|Any CPU
		{E1526387-D870-4558-AA32-3AE7637315A9}.Release|Any CPU.Build.0 = Release|Any CPU
		{E97D6342-1C7F-43EB-B96A-BD9531122F2C}.Debug|Any CPU.ActiveCfg = Debug|Any CPU
		{E97D6342-1C7F-43EB-B96A-BD9531122F2C}.Debug|Any CPU.Build.0 = Debug|Any CPU
		{E97D6342-1C7F-43EB-B96A-BD9531122F2C}.Release|Any CPU.ActiveCfg = Release|Any CPU
		{E97D6342-1C7F-43EB-B96A-BD9531122F2C}.Release|Any CPU.Build.0 = Release|Any CPU
		{F08CF3BD-3CB0-4D40-820D-AB9F430005BB}.Debug|Any CPU.ActiveCfg = Debug|Any CPU
		{F08CF3BD-3CB0-4D40-820D-AB9F430005BB}.Debug|Any CPU.Build.0 = Debug|Any CPU
		{F08CF3BD-3CB0-4D40-820D-AB9F430005BB}.Release|Any CPU.ActiveCfg = Release|Any CPU
		{F08CF3BD-3CB0-4D40-820D-AB9F430005BB}.Release|Any CPU.Build.0 = Release|Any CPU
	EndGlobalSection
	GlobalSection(SolutionProperties) = preSolution
		HideSolutionNode = FALSE
	EndGlobalSection
EndGlobal
