
Microsoft Visual Studio Solution File, Format Version 12.00
# Visual Studio 2013
VisualStudioVersion = 12.0.21005.1
MinimumVisualStudioVersion = 10.0.40219.1
Project("{F2A71F9B-5D33-465A-A702-920D77279786}") = "nunit", "nunit\nunit.fsproj", "{EE10273C-2BB1-448E-80A1-14400E8EE411}"
EndProject
Project("{F2A71F9B-5D33-465A-A702-920D77279786}") = "mstest", "mstest\mstest.fsproj", "{A8D5372E-296B-4826-9102-078EF13AE6AB}"
EndProject
Project("{F2A71F9B-5D33-465A-A702-920D77279786}") = "xunit", "xunit\xunit.fsproj", "{D1C11C16-8924-48A7-B895-74B437505A75}"
EndProject
Project("{2150E333-8FDC-42A3-9474-1A3956D46DE8}") = ".nuget", ".nuget", "{DAF7D8AE-66C5-4CEE-9B90-C1F422ADDC03}"
	ProjectSection(SolutionItems) = preProject
		.nuget\packages.config = .nuget\packages.config
	EndProjectSection
EndProject
Project("{2150E333-8FDC-42A3-9474-1A3956D46DE8}") = "Solution Items", "Solution Items", "{5095E192-A7D4-4E4B-8087-C99DAADD123F}"
	ProjectSection(SolutionItems) = preProject
		build.fsx = build.fsx
	EndProjectSection
EndProject
Global
	GlobalSection(SolutionConfigurationPlatforms) = preSolution
		Debug|Any CPU = Debug|Any CPU
		Release|Any CPU = Release|Any CPU
	EndGlobalSection
	GlobalSection(ProjectConfigurationPlatforms) = postSolution
		{EE10273C-2BB1-448E-80A1-14400E8EE411}.Debug|Any CPU.ActiveCfg = Debug|Any CPU
		{EE10273C-2BB1-448E-80A1-14400E8EE411}.Debug|Any CPU.Build.0 = Debug|Any CPU
		{EE10273C-2BB1-448E-80A1-14400E8EE411}.Release|Any CPU.ActiveCfg = Release|Any CPU
		{EE10273C-2BB1-448E-80A1-14400E8EE411}.Release|Any CPU.Build.0 = Release|Any CPU
		{A8D5372E-296B-4826-9102-078EF13AE6AB}.Debug|Any CPU.ActiveCfg = Debug|Any CPU
		{A8D5372E-296B-4826-9102-078EF13AE6AB}.Debug|Any CPU.Build.0 = Debug|Any CPU
		{A8D5372E-296B-4826-9102-078EF13AE6AB}.Release|Any CPU.ActiveCfg = Release|Any CPU
		{A8D5372E-296B-4826-9102-078EF13AE6AB}.Release|Any CPU.Build.0 = Release|Any CPU
		{D1C11C16-8924-48A7-B895-74B437505A75}.Debug|Any CPU.ActiveCfg = Debug|Any CPU
		{D1C11C16-8924-48A7-B895-74B437505A75}.Debug|Any CPU.Build.0 = Debug|Any CPU
		{D1C11C16-8924-48A7-B895-74B437505A75}.Release|Any CPU.ActiveCfg = Release|Any CPU
		{D1C11C16-8924-48A7-B895-74B437505A75}.Release|Any CPU.Build.0 = Release|Any CPU
	EndGlobalSection
	GlobalSection(SolutionProperties) = preSolution
		HideSolutionNode = FALSE
	EndGlobalSection
EndGlobal
