
Microsoft Visual Studio Solution File, Format Version 12.00
# Visual Studio 2013
VisualStudioVersion = 12.0.21005.1
MinimumVisualStudioVersion = 10.0.40219.1
Project("{F2A71F9B-5D33-465A-A702-920D77279786}") = "chapter06", "chapter06\chapter06.fsproj", "{583B5267-B630-4A8E-B52C-8397079565D3}"
EndProject
Project("{F2A71F9B-5D33-465A-A702-920D77279786}") = "chapter06.canopy", "chapter06.canopy\chapter06.canopy.fsproj", "{924D6875-7A79-4A8D-96B7-028AB5A57E6C}"
EndProject
Global
	GlobalSection(SolutionConfigurationPlatforms) = preSolution
		Debug|Any CPU = Debug|Any CPU
		Release|Any CPU = Release|Any CPU
	EndGlobalSection
	GlobalSection(ProjectConfigurationPlatforms) = postSolution
		{583B5267-B630-4A8E-B52C-8397079565D3}.Debug|Any CPU.ActiveCfg = Debug|Any CPU
		{583B5267-B630-4A8E-B52C-8397079565D3}.Debug|Any CPU.Build.0 = Debug|Any CPU
		{583B5267-B630-4A8E-B52C-8397079565D3}.Release|Any CPU.ActiveCfg = Release|Any CPU
		{583B5267-B630-4A8E-B52C-8397079565D3}.Release|Any CPU.Build.0 = Release|Any CPU
		{924D6875-7A79-4A8D-96B7-028AB5A57E6C}.Debug|Any CPU.ActiveCfg = Debug|Any CPU
		{924D6875-7A79-4A8D-96B7-028AB5A57E6C}.Debug|Any CPU.Build.0 = Debug|Any CPU
		{924D6875-7A79-4A8D-96B7-028AB5A57E6C}.Release|Any CPU.ActiveCfg = Release|Any CPU
		{924D6875-7A79-4A8D-96B7-028AB5A57E6C}.Release|Any CPU.Build.0 = Release|Any CPU
	EndGlobalSection
	GlobalSection(SolutionProperties) = preSolution
		HideSolutionNode = FALSE
	EndGlobalSection
EndGlobal
